
Microsoft Visual Studio Solution File, Format Version 12.00
# Visual Studio Version 16
VisualStudioVersion = 16.0.33801.447
MinimumVisualStudioVersion = 10.0.40219.1
Project("{FAE04EC0-301F-11D3-BF4B-00C04F79EFBC}") = "valuta", "valuta\valuta.csproj", "{DDE423F3-23AC-41E1-B53B-69203BDCBDE1}"
EndProject
Global
	GlobalSection(SolutionConfigurationPlatforms) = preSolution
		Debug|Any CPU = Debug|Any CPU
		Release|Any CPU = Release|Any CPU
	EndGlobalSection
	GlobalSection(ProjectConfigurationPlatforms) = postSolution
		{DDE423F3-23AC-41E1-B53B-69203BDCBDE1}.Debug|Any CPU.ActiveCfg = Debug|Any CPU
		{DDE423F3-23AC-41E1-B53B-69203BDCBDE1}.Debug|Any CPU.Build.0 = Debug|Any CPU
		{DDE423F3-23AC-41E1-B53B-69203BDCBDE1}.Release|Any CPU.ActiveCfg = Release|Any CPU
		{DDE423F3-23AC-41E1-B53B-69203BDCBDE1}.Release|Any CPU.Build.0 = Release|Any CPU
	EndGlobalSection
	GlobalSection(SolutionProperties) = preSolution
		HideSolutionNode = FALSE
	EndGlobalSection
	GlobalSection(ExtensibilityGlobals) = postSolution
		SolutionGuid = {B97AEC24-F9BC-4330-AB01-7678A98EDD96}
	EndGlobalSection
EndGlobal
